// !$*UTF8*$!
{
	archiveVersion = 1;
	classes = {
	};
	objectVersion = 55;
	objects = {

/* Begin PBXBuildFile section */
		74DB65D7273C646A0025CBCF /* Users+CoreDataClass.swift in Sources */ = {isa = PBXBuildFile; fileRef = 74DB65CD273C64690025CBCF /* Users+CoreDataClass.swift */; };
		74DB65D8273C646A0025CBCF /* Users+CoreDataProperties.swift in Sources */ = {isa = PBXBuildFile; fileRef = 74DB65CE273C64690025CBCF /* Users+CoreDataProperties.swift */; };
		74DB65D9273C646A0025CBCF /* Projects+CoreDataClass.swift in Sources */ = {isa = PBXBuildFile; fileRef = 74DB65CF273C646A0025CBCF /* Projects+CoreDataClass.swift */; };
		74DB65DA273C646A0025CBCF /* Projects+CoreDataProperties.swift in Sources */ = {isa = PBXBuildFile; fileRef = 74DB65D0273C646A0025CBCF /* Projects+CoreDataProperties.swift */; };
		74DB65DB273C646A0025CBCF /* Tasks+CoreDataClass.swift in Sources */ = {isa = PBXBuildFile; fileRef = 74DB65D1273C646A0025CBCF /* Tasks+CoreDataClass.swift */; };
		74DB65DC273C646A0025CBCF /* Tasks+CoreDataProperties.swift in Sources */ = {isa = PBXBuildFile; fileRef = 74DB65D2273C646A0025CBCF /* Tasks+CoreDataProperties.swift */; };
		74DB65DD273C646A0025CBCF /* Profile+CoreDataClass.swift in Sources */ = {isa = PBXBuildFile; fileRef = 74DB65D3273C646A0025CBCF /* Profile+CoreDataClass.swift */; };
		74DB65DE273C646A0025CBCF /* Profile+CoreDataProperties.swift in Sources */ = {isa = PBXBuildFile; fileRef = 74DB65D4273C646A0025CBCF /* Profile+CoreDataProperties.swift */; };
		74DB65DF273C646A0025CBCF /* Goals+CoreDataClass.swift in Sources */ = {isa = PBXBuildFile; fileRef = 74DB65D5273C646A0025CBCF /* Goals+CoreDataClass.swift */; };
		74DB65E0273C646A0025CBCF /* Goals+CoreDataProperties.swift in Sources */ = {isa = PBXBuildFile; fileRef = 74DB65D6273C646A0025CBCF /* Goals+CoreDataProperties.swift */; };
		74DB65E4273C66240025CBCF /* GoalViewController.swift in Sources */ = {isa = PBXBuildFile; fileRef = 74DB65E1273C66240025CBCF /* GoalViewController.swift */; };
		74DB65E5273C66240025CBCF /* GoalListViewController.swift in Sources */ = {isa = PBXBuildFile; fileRef = 74DB65E2273C66240025CBCF /* GoalListViewController.swift */; };
		74DB65E6273C66240025CBCF /* HomeViewController.swift in Sources */ = {isa = PBXBuildFile; fileRef = 74DB65E3273C66240025CBCF /* HomeViewController.swift */; };
		74DF780C274C4277005DF304 /* ProjectsView.swift in Sources */ = {isa = PBXBuildFile; fileRef = 74DF780B274C4277005DF304 /* ProjectsView.swift */; };
		74FD8E9E2738E31000A3F090 /* ProjectsViewController.swift in Sources */ = {isa = PBXBuildFile; fileRef = 74FD8E9D2738E31000A3F090 /* ProjectsViewController.swift */; };
		74FD8EA02739BCE600A3F090 /* AddProjectViewController.swift in Sources */ = {isa = PBXBuildFile; fileRef = 74FD8E9F2739BCE600A3F090 /* AddProjectViewController.swift */; };
		AEB44A6D3D99FDE032390ABE /* Pods_flowe.framework in Frameworks */ = {isa = PBXBuildFile; fileRef = 8ECDEB33A065D4E01EAA2AA6 /* Pods_flowe.framework */; };
		D769BBB327512E4600EEF3BA /* SegueVC.swift in Sources */ = {isa = PBXBuildFile; fileRef = D7AF68592733A1E1001C7461 /* SegueVC.swift */; };
		D769BBB427512E9000EEF3BA /* AppDelegate.swift in Sources */ = {isa = PBXBuildFile; fileRef = D7AF68552733A1E1001C7461 /* AppDelegate.swift */; };
		D769BBB727527A2300EEF3BA /* workflow.json in Resources */ = {isa = PBXBuildFile; fileRef = D769BBB627527A2300EEF3BA /* workflow.json */; };
		D7AF68582733A1E1001C7461 /* SceneDelegate.swift in Sources */ = {isa = PBXBuildFile; fileRef = D7AF68572733A1E1001C7461 /* SceneDelegate.swift */; };
		D7AF685D2733A1E1001C7461 /* Main.storyboard in Resources */ = {isa = PBXBuildFile; fileRef = D7AF685B2733A1E1001C7461 /* Main.storyboard */; };
		D7AF68602733A1E1001C7461 /* flowe.xcdatamodeld in Sources */ = {isa = PBXBuildFile; fileRef = D7AF685E2733A1E1001C7461 /* flowe.xcdatamodeld */; };
		D7AF68622733A1E1001C7461 /* Assets.xcassets in Resources */ = {isa = PBXBuildFile; fileRef = D7AF68612733A1E1001C7461 /* Assets.xcassets */; };
		D7AF68652733A1E1001C7461 /* LaunchScreen.storyboard in Resources */ = {isa = PBXBuildFile; fileRef = D7AF68632733A1E1001C7461 /* LaunchScreen.storyboard */; };
		D7AF68732733C64E001C7461 /* LoginHC.swift in Sources */ = {isa = PBXBuildFile; fileRef = D7AF68722733C64E001C7461 /* LoginHC.swift */; };
		D7AF68752733CC75001C7461 /* SegueSwiftUI.swift in Sources */ = {isa = PBXBuildFile; fileRef = D7AF68742733CC75001C7461 /* SegueSwiftUI.swift */; };
		D7AF687727348335001C7461 /* GoogleService-Info.plist in Resources */ = {isa = PBXBuildFile; fileRef = D7AF687627348335001C7461 /* GoogleService-Info.plist */; };
		D7FC035C2743B9160019E686 /* ProfileEditViewController.swift in Sources */ = {isa = PBXBuildFile; fileRef = D7FC035B2743B9160019E686 /* ProfileEditViewController.swift */; };
		D7FC035E2743B91F0019E686 /* ProfileViewController.swift in Sources */ = {isa = PBXBuildFile; fileRef = D7FC035D2743B91F0019E686 /* ProfileViewController.swift */; };
		ECC7ACC02750BA6E000F8C5B /* Variables.swift in Sources */ = {isa = PBXBuildFile; fileRef = ECC7ACBF2750BA6E000F8C5B /* Variables.swift */; };
		ECC7ACC22750C3A7000F8C5B /* SettingsViewController.swift in Sources */ = {isa = PBXBuildFile; fileRef = ECC7ACC12750C3A7000F8C5B /* SettingsViewController.swift */; };
/* End PBXBuildFile section */

/* Begin PBXFileReference section */
		6100470B089EA2F9A9B982AC /* Pods-flowe.debug.xcconfig */ = {isa = PBXFileReference; includeInIndex = 1; lastKnownFileType = text.xcconfig; name = "Pods-flowe.debug.xcconfig"; path = "Target Support Files/Pods-flowe/Pods-flowe.debug.xcconfig"; sourceTree = "<group>"; };
		74DB65CD273C64690025CBCF /* Users+CoreDataClass.swift */ = {isa = PBXFileReference; lastKnownFileType = sourcecode.swift; path = "Users+CoreDataClass.swift"; sourceTree = "<group>"; };
		74DB65CE273C64690025CBCF /* Users+CoreDataProperties.swift */ = {isa = PBXFileReference; lastKnownFileType = sourcecode.swift; path = "Users+CoreDataProperties.swift"; sourceTree = "<group>"; };
		74DB65CF273C646A0025CBCF /* Projects+CoreDataClass.swift */ = {isa = PBXFileReference; lastKnownFileType = sourcecode.swift; path = "Projects+CoreDataClass.swift"; sourceTree = "<group>"; };
		74DB65D0273C646A0025CBCF /* Projects+CoreDataProperties.swift */ = {isa = PBXFileReference; lastKnownFileType = sourcecode.swift; path = "Projects+CoreDataProperties.swift"; sourceTree = "<group>"; };
		74DB65D1273C646A0025CBCF /* Tasks+CoreDataClass.swift */ = {isa = PBXFileReference; lastKnownFileType = sourcecode.swift; path = "Tasks+CoreDataClass.swift"; sourceTree = "<group>"; };
		74DB65D2273C646A0025CBCF /* Tasks+CoreDataProperties.swift */ = {isa = PBXFileReference; lastKnownFileType = sourcecode.swift; path = "Tasks+CoreDataProperties.swift"; sourceTree = "<group>"; };
		74DB65D3273C646A0025CBCF /* Profile+CoreDataClass.swift */ = {isa = PBXFileReference; lastKnownFileType = sourcecode.swift; path = "Profile+CoreDataClass.swift"; sourceTree = "<group>"; };
		74DB65D4273C646A0025CBCF /* Profile+CoreDataProperties.swift */ = {isa = PBXFileReference; lastKnownFileType = sourcecode.swift; path = "Profile+CoreDataProperties.swift"; sourceTree = "<group>"; };
		74DB65D5273C646A0025CBCF /* Goals+CoreDataClass.swift */ = {isa = PBXFileReference; lastKnownFileType = sourcecode.swift; path = "Goals+CoreDataClass.swift"; sourceTree = "<group>"; };
		74DB65D6273C646A0025CBCF /* Goals+CoreDataProperties.swift */ = {isa = PBXFileReference; lastKnownFileType = sourcecode.swift; path = "Goals+CoreDataProperties.swift"; sourceTree = "<group>"; };
		74DB65E1273C66240025CBCF /* GoalViewController.swift */ = {isa = PBXFileReference; fileEncoding = 4; lastKnownFileType = sourcecode.swift; path = GoalViewController.swift; sourceTree = "<group>"; };
		74DB65E2273C66240025CBCF /* GoalListViewController.swift */ = {isa = PBXFileReference; fileEncoding = 4; lastKnownFileType = sourcecode.swift; path = GoalListViewController.swift; sourceTree = "<group>"; };
		74DB65E3273C66240025CBCF /* HomeViewController.swift */ = {isa = PBXFileReference; fileEncoding = 4; lastKnownFileType = sourcecode.swift; path = HomeViewController.swift; sourceTree = "<group>"; };
		74DF780B274C4277005DF304 /* ProjectsView.swift */ = {isa = PBXFileReference; lastKnownFileType = sourcecode.swift; path = ProjectsView.swift; sourceTree = "<group>"; };
		74FD8E9D2738E31000A3F090 /* ProjectsViewController.swift */ = {isa = PBXFileReference; lastKnownFileType = sourcecode.swift; path = ProjectsViewController.swift; sourceTree = "<group>"; };
		74FD8E9F2739BCE600A3F090 /* AddProjectViewController.swift */ = {isa = PBXFileReference; lastKnownFileType = sourcecode.swift; path = AddProjectViewController.swift; sourceTree = "<group>"; };
		8ECDEB33A065D4E01EAA2AA6 /* Pods_flowe.framework */ = {isa = PBXFileReference; explicitFileType = wrapper.framework; includeInIndex = 0; path = Pods_flowe.framework; sourceTree = BUILT_PRODUCTS_DIR; };
		D769BBB627527A2300EEF3BA /* workflow.json */ = {isa = PBXFileReference; fileEncoding = 4; lastKnownFileType = text.json; path = workflow.json; sourceTree = "<group>"; };
		D7AF68522733A1E1001C7461 /* flowe.app */ = {isa = PBXFileReference; explicitFileType = wrapper.application; includeInIndex = 0; path = flowe.app; sourceTree = BUILT_PRODUCTS_DIR; };
		D7AF68552733A1E1001C7461 /* AppDelegate.swift */ = {isa = PBXFileReference; lastKnownFileType = sourcecode.swift; path = AppDelegate.swift; sourceTree = "<group>"; };
		D7AF68572733A1E1001C7461 /* SceneDelegate.swift */ = {isa = PBXFileReference; lastKnownFileType = sourcecode.swift; path = SceneDelegate.swift; sourceTree = "<group>"; };
		D7AF68592733A1E1001C7461 /* SegueVC.swift */ = {isa = PBXFileReference; lastKnownFileType = sourcecode.swift; path = SegueVC.swift; sourceTree = "<group>"; };
		D7AF685C2733A1E1001C7461 /* Base */ = {isa = PBXFileReference; lastKnownFileType = file.storyboard; name = Base; path = Base.lproj/Main.storyboard; sourceTree = "<group>"; };
		D7AF685F2733A1E1001C7461 /* flowe.xcdatamodel */ = {isa = PBXFileReference; lastKnownFileType = wrapper.xcdatamodel; path = flowe.xcdatamodel; sourceTree = "<group>"; };
		D7AF68612733A1E1001C7461 /* Assets.xcassets */ = {isa = PBXFileReference; lastKnownFileType = folder.assetcatalog; path = Assets.xcassets; sourceTree = "<group>"; };
		D7AF68642733A1E1001C7461 /* Base */ = {isa = PBXFileReference; lastKnownFileType = file.storyboard; name = Base; path = Base.lproj/LaunchScreen.storyboard; sourceTree = "<group>"; };
		D7AF68662733A1E1001C7461 /* Info.plist */ = {isa = PBXFileReference; lastKnownFileType = text.plist.xml; path = Info.plist; sourceTree = "<group>"; };
		D7AF68722733C64E001C7461 /* LoginHC.swift */ = {isa = PBXFileReference; lastKnownFileType = sourcecode.swift; path = LoginHC.swift; sourceTree = "<group>"; };
		D7AF68742733CC75001C7461 /* SegueSwiftUI.swift */ = {isa = PBXFileReference; lastKnownFileType = sourcecode.swift; path = SegueSwiftUI.swift; sourceTree = "<group>"; };
		D7AF687627348335001C7461 /* GoogleService-Info.plist */ = {isa = PBXFileReference; fileEncoding = 4; lastKnownFileType = text.plist.xml; path = "GoogleService-Info.plist"; sourceTree = "<group>"; };
		D7AF687827348527001C7461 /* flowe.entitlements */ = {isa = PBXFileReference; lastKnownFileType = text.plist.entitlements; path = flowe.entitlements; sourceTree = "<group>"; };
		D7FC035B2743B9160019E686 /* ProfileEditViewController.swift */ = {isa = PBXFileReference; fileEncoding = 4; lastKnownFileType = sourcecode.swift; path = ProfileEditViewController.swift; sourceTree = "<group>"; };
		D7FC035D2743B91F0019E686 /* ProfileViewController.swift */ = {isa = PBXFileReference; fileEncoding = 4; lastKnownFileType = sourcecode.swift; path = ProfileViewController.swift; sourceTree = "<group>"; };
		E4331AD384E2E3913B787025 /* Pods-flowe.release.xcconfig */ = {isa = PBXFileReference; includeInIndex = 1; lastKnownFileType = text.xcconfig; name = "Pods-flowe.release.xcconfig"; path = "Target Support Files/Pods-flowe/Pods-flowe.release.xcconfig"; sourceTree = "<group>"; };
		ECC7ACBF2750BA6E000F8C5B /* Variables.swift */ = {isa = PBXFileReference; lastKnownFileType = sourcecode.swift; path = Variables.swift; sourceTree = "<group>"; };
		ECC7ACC12750C3A7000F8C5B /* SettingsViewController.swift */ = {isa = PBXFileReference; lastKnownFileType = sourcecode.swift; path = SettingsViewController.swift; sourceTree = "<group>"; };
/* End PBXFileReference section */

/* Begin PBXFrameworksBuildPhase section */
		D7AF684F2733A1E1001C7461 /* Frameworks */ = {
			isa = PBXFrameworksBuildPhase;
			buildActionMask = 2147483647;
			files = (
				AEB44A6D3D99FDE032390ABE /* Pods_flowe.framework in Frameworks */,
			);
			runOnlyForDeploymentPostprocessing = 0;
		};
/* End PBXFrameworksBuildPhase section */

/* Begin PBXGroup section */
		24CD07FABC28B43E2847177E /* Frameworks */ = {
			isa = PBXGroup;
			children = (
				8ECDEB33A065D4E01EAA2AA6 /* Pods_flowe.framework */,
			);
			name = Frameworks;
			sourceTree = "<group>";
		};
		74DB659C273B70440025CBCF /* Models */ = {
			isa = PBXGroup;
			children = (
				74DB65CD273C64690025CBCF /* Users+CoreDataClass.swift */,
				74DB65CE273C64690025CBCF /* Users+CoreDataProperties.swift */,
				74DB65CF273C646A0025CBCF /* Projects+CoreDataClass.swift */,
				74DB65D0273C646A0025CBCF /* Projects+CoreDataProperties.swift */,
				74DB65D1273C646A0025CBCF /* Tasks+CoreDataClass.swift */,
				74DB65D2273C646A0025CBCF /* Tasks+CoreDataProperties.swift */,
				74DB65D3273C646A0025CBCF /* Profile+CoreDataClass.swift */,
				74DB65D4273C646A0025CBCF /* Profile+CoreDataProperties.swift */,
				74DB65D5273C646A0025CBCF /* Goals+CoreDataClass.swift */,
				74DB65D6273C646A0025CBCF /* Goals+CoreDataProperties.swift */,
			);
			path = Models;
			sourceTree = "<group>";
		};
		74DF780A274C4224005DF304 /* Projects */ = {
			isa = PBXGroup;
			children = (
				74FD8E9D2738E31000A3F090 /* ProjectsViewController.swift */,
				74FD8E9F2739BCE600A3F090 /* AddProjectViewController.swift */,
				74DF780B274C4277005DF304 /* ProjectsView.swift */,
			);
			path = Projects;
			sourceTree = "<group>";
		};
		ABD5590F763861D2FE8D17CE /* Pods */ = {
			isa = PBXGroup;
			children = (
				6100470B089EA2F9A9B982AC /* Pods-flowe.debug.xcconfig */,
				E4331AD384E2E3913B787025 /* Pods-flowe.release.xcconfig */,
			);
			path = Pods;
			sourceTree = "<group>";
		};
		D70F661F27533DFF00D0053E /* Animations */ = {
			isa = PBXGroup;
			children = (
				D769BBB627527A2300EEF3BA /* workflow.json */,
			);
			path = Animations;
			sourceTree = "<group>";
		};
		D7AF68492733A1E1001C7461 = {
			isa = PBXGroup;
			children = (
				D7AF68542733A1E1001C7461 /* flowe */,
				D7AF68532733A1E1001C7461 /* Products */,
				ABD5590F763861D2FE8D17CE /* Pods */,
				24CD07FABC28B43E2847177E /* Frameworks */,
			);
			sourceTree = "<group>";
		};
		D7AF68532733A1E1001C7461 /* Products */ = {
			isa = PBXGroup;
			children = (
				D7AF68522733A1E1001C7461 /* flowe.app */,
			);
			name = Products;
			sourceTree = "<group>";
		};
		D7AF68542733A1E1001C7461 /* flowe */ = {
			isa = PBXGroup;
			children = (
				D7AF687827348527001C7461 /* flowe.entitlements */,
				D7AF68552733A1E1001C7461 /* AppDelegate.swift */,
				D7AF68572733A1E1001C7461 /* SceneDelegate.swift */,
				74DB659C273B70440025CBCF /* Models */,
				74DF780A274C4224005DF304 /* Projects */,
				ECC7ACBF2750BA6E000F8C5B /* Variables.swift */,
				74DB65E3273C66240025CBCF /* HomeViewController.swift */,
				74DB65E1273C66240025CBCF /* GoalViewController.swift */,
				74DB65E2273C66240025CBCF /* GoalListViewController.swift */,
				D7FC035B2743B9160019E686 /* ProfileEditViewController.swift */,
				ECC7ACC12750C3A7000F8C5B /* SettingsViewController.swift */,
				D7FC035D2743B91F0019E686 /* ProfileViewController.swift */,
				D7AF685B2733A1E1001C7461 /* Main.storyboard */,
				D7AF68742733CC75001C7461 /* SegueSwiftUI.swift */,
				D7AF68592733A1E1001C7461 /* SegueVC.swift */,
				D7AF68722733C64E001C7461 /* LoginHC.swift */,
				D7AF68632733A1E1001C7461 /* LaunchScreen.storyboard */,
				D7AF68612733A1E1001C7461 /* Assets.xcassets */,
				D7AF685E2733A1E1001C7461 /* flowe.xcdatamodeld */,
				D7AF687627348335001C7461 /* GoogleService-Info.plist */,
				D7AF68662733A1E1001C7461 /* Info.plist */,
				D70F661F27533DFF00D0053E /* Animations */,
			);
			path = flowe;
			sourceTree = "<group>";
		};
/* End PBXGroup section */

/* Begin PBXNativeTarget section */
		D7AF68512733A1E1001C7461 /* flowe */ = {
			isa = PBXNativeTarget;
			buildConfigurationList = D7AF68692733A1E1001C7461 /* Build configuration list for PBXNativeTarget "flowe" */;
			buildPhases = (
				7EFD832AA109E9FC354DB769 /* [CP] Check Pods Manifest.lock */,
				D7AF684E2733A1E1001C7461 /* Sources */,
				D7AF684F2733A1E1001C7461 /* Frameworks */,
				D7AF68502733A1E1001C7461 /* Resources */,
				1C198F89A84C98C1BE9CDBB6 /* [CP] Embed Pods Frameworks */,
			);
			buildRules = (
			);
			dependencies = (
			);
			name = flowe;
			productName = flowe;
			productReference = D7AF68522733A1E1001C7461 /* flowe.app */;
			productType = "com.apple.product-type.application";
		};
/* End PBXNativeTarget section */

/* Begin PBXProject section */
		D7AF684A2733A1E1001C7461 /* Project object */ = {
			isa = PBXProject;
			attributes = {
				BuildIndependentTargetsInParallel = 1;
				LastSwiftUpdateCheck = 1310;
				LastUpgradeCheck = 1310;
				TargetAttributes = {
					D7AF68512733A1E1001C7461 = {
						CreatedOnToolsVersion = 13.1;
					};
				};
			};
			buildConfigurationList = D7AF684D2733A1E1001C7461 /* Build configuration list for PBXProject "flowe" */;
			compatibilityVersion = "Xcode 13.0";
			developmentRegion = en;
			hasScannedForEncodings = 0;
			knownRegions = (
				en,
				Base,
			);
			mainGroup = D7AF68492733A1E1001C7461;
			productRefGroup = D7AF68532733A1E1001C7461 /* Products */;
			projectDirPath = "";
			projectRoot = "";
			targets = (
				D7AF68512733A1E1001C7461 /* flowe */,
			);
		};
/* End PBXProject section */

/* Begin PBXResourcesBuildPhase section */
		D7AF68502733A1E1001C7461 /* Resources */ = {
			isa = PBXResourcesBuildPhase;
			buildActionMask = 2147483647;
			files = (
				D7AF68652733A1E1001C7461 /* LaunchScreen.storyboard in Resources */,
				D7AF687727348335001C7461 /* GoogleService-Info.plist in Resources */,
				D769BBB727527A2300EEF3BA /* workflow.json in Resources */,
				D7AF68622733A1E1001C7461 /* Assets.xcassets in Resources */,
				D7AF685D2733A1E1001C7461 /* Main.storyboard in Resources */,
			);
			runOnlyForDeploymentPostprocessing = 0;
		};
/* End PBXResourcesBuildPhase section */

/* Begin PBXShellScriptBuildPhase section */
		1C198F89A84C98C1BE9CDBB6 /* [CP] Embed Pods Frameworks */ = {
			isa = PBXShellScriptBuildPhase;
			buildActionMask = 2147483647;
			files = (
			);
			inputFileListPaths = (
				"${PODS_ROOT}/Target Support Files/Pods-flowe/Pods-flowe-frameworks-${CONFIGURATION}-input-files.xcfilelist",
			);
			name = "[CP] Embed Pods Frameworks";
			outputFileListPaths = (
				"${PODS_ROOT}/Target Support Files/Pods-flowe/Pods-flowe-frameworks-${CONFIGURATION}-output-files.xcfilelist",
			);
			runOnlyForDeploymentPostprocessing = 0;
			shellPath = /bin/sh;
			shellScript = "\"${PODS_ROOT}/Target Support Files/Pods-flowe/Pods-flowe-frameworks.sh\"\n";
			showEnvVarsInLog = 0;
		};
		7EFD832AA109E9FC354DB769 /* [CP] Check Pods Manifest.lock */ = {
			isa = PBXShellScriptBuildPhase;
			buildActionMask = 2147483647;
			files = (
			);
			inputFileListPaths = (
			);
			inputPaths = (
				"${PODS_PODFILE_DIR_PATH}/Podfile.lock",
				"${PODS_ROOT}/Manifest.lock",
			);
			name = "[CP] Check Pods Manifest.lock";
			outputFileListPaths = (
			);
			outputPaths = (
				"$(DERIVED_FILE_DIR)/Pods-flowe-checkManifestLockResult.txt",
			);
			runOnlyForDeploymentPostprocessing = 0;
			shellPath = /bin/sh;
			shellScript = "diff \"${PODS_PODFILE_DIR_PATH}/Podfile.lock\" \"${PODS_ROOT}/Manifest.lock\" > /dev/null\nif [ $? != 0 ] ; then\n    # print error to STDERR\n    echo \"error: The sandbox is not in sync with the Podfile.lock. Run 'pod install' or update your CocoaPods installation.\" >&2\n    exit 1\nfi\n# This output is used by Xcode 'outputs' to avoid re-running this script phase.\necho \"SUCCESS\" > \"${SCRIPT_OUTPUT_FILE_0}\"\n";
			showEnvVarsInLog = 0;
		};
/* End PBXShellScriptBuildPhase section */

/* Begin PBXSourcesBuildPhase section */
		D7AF684E2733A1E1001C7461 /* Sources */ = {
			isa = PBXSourcesBuildPhase;
			buildActionMask = 2147483647;
			files = (
				D769BBB427512E9000EEF3BA /* AppDelegate.swift in Sources */,
				D769BBB327512E4600EEF3BA /* SegueVC.swift in Sources */,
				D7AF68752733CC75001C7461 /* SegueSwiftUI.swift in Sources */,
				D7AF68732733C64E001C7461 /* LoginHC.swift in Sources */,
				74DB65E4273C66240025CBCF /* GoalViewController.swift in Sources */,
				74DB65D7273C646A0025CBCF /* Users+CoreDataClass.swift in Sources */,
				74DB65E6273C66240025CBCF /* HomeViewController.swift in Sources */,
				74DB65DF273C646A0025CBCF /* Goals+CoreDataClass.swift in Sources */,
				74DB65E5273C66240025CBCF /* GoalListViewController.swift in Sources */,
				74DB65DD273C646A0025CBCF /* Profile+CoreDataClass.swift in Sources */,
				74FD8EA02739BCE600A3F090 /* AddProjectViewController.swift in Sources */,
				74DB65DC273C646A0025CBCF /* Tasks+CoreDataProperties.swift in Sources */,
				74DB65DA273C646A0025CBCF /* Projects+CoreDataProperties.swift in Sources */,
				74DB65D9273C646A0025CBCF /* Projects+CoreDataClass.swift in Sources */,
				74FD8E9E2738E31000A3F090 /* ProjectsViewController.swift in Sources */,
				D7FC035C2743B9160019E686 /* ProfileEditViewController.swift in Sources */,
				74DF780C274C4277005DF304 /* ProjectsView.swift in Sources */,
				74DB65E0273C646A0025CBCF /* Goals+CoreDataProperties.swift in Sources */,
				D7AF68582733A1E1001C7461 /* SceneDelegate.swift in Sources */,
				ECC7ACC02750BA6E000F8C5B /* Variables.swift in Sources */,
				74DB65D8273C646A0025CBCF /* Users+CoreDataProperties.swift in Sources */,
				ECC7ACC22750C3A7000F8C5B /* SettingsViewController.swift in Sources */,
				74DB65DB273C646A0025CBCF /* Tasks+CoreDataClass.swift in Sources */,
				D7FC035E2743B91F0019E686 /* ProfileViewController.swift in Sources */,
				74DB65DE273C646A0025CBCF /* Profile+CoreDataProperties.swift in Sources */,
				D7AF68602733A1E1001C7461 /* flowe.xcdatamodeld in Sources */,
			);
			runOnlyForDeploymentPostprocessing = 0;
		};
/* End PBXSourcesBuildPhase section */

/* Begin PBXVariantGroup section */
		D7AF685B2733A1E1001C7461 /* Main.storyboard */ = {
			isa = PBXVariantGroup;
			children = (
				D7AF685C2733A1E1001C7461 /* Base */,
			);
			name = Main.storyboard;
			sourceTree = "<group>";
		};
		D7AF68632733A1E1001C7461 /* LaunchScreen.storyboard */ = {
			isa = PBXVariantGroup;
			children = (
				D7AF68642733A1E1001C7461 /* Base */,
			);
			name = LaunchScreen.storyboard;
			sourceTree = "<group>";
		};
/* End PBXVariantGroup section */

/* Begin XCBuildConfiguration section */
		D7AF68672733A1E1001C7461 /* Debug */ = {
			isa = XCBuildConfiguration;
			buildSettings = {
				ALWAYS_SEARCH_USER_PATHS = NO;
				CLANG_ANALYZER_NONNULL = YES;
				CLANG_ANALYZER_NUMBER_OBJECT_CONVERSION = YES_AGGRESSIVE;
				CLANG_CXX_LANGUAGE_STANDARD = "gnu++17";
				CLANG_CXX_LIBRARY = "libc++";
				CLANG_ENABLE_MODULES = YES;
				CLANG_ENABLE_OBJC_ARC = YES;
				CLANG_ENABLE_OBJC_WEAK = YES;
				CLANG_WARN_BLOCK_CAPTURE_AUTORELEASING = YES;
				CLANG_WARN_BOOL_CONVERSION = YES;
				CLANG_WARN_COMMA = YES;
				CLANG_WARN_CONSTANT_CONVERSION = YES;
				CLANG_WARN_DEPRECATED_OBJC_IMPLEMENTATIONS = YES;
				CLANG_WARN_DIRECT_OBJC_ISA_USAGE = YES_ERROR;
				CLANG_WARN_DOCUMENTATION_COMMENTS = YES;
				CLANG_WARN_EMPTY_BODY = YES;
				CLANG_WARN_ENUM_CONVERSION = YES;
				CLANG_WARN_INFINITE_RECURSION = YES;
				CLANG_WARN_INT_CONVERSION = YES;
				CLANG_WARN_NON_LITERAL_NULL_CONVERSION = YES;
				CLANG_WARN_OBJC_IMPLICIT_RETAIN_SELF = YES;
				CLANG_WARN_OBJC_LITERAL_CONVERSION = YES;
				CLANG_WARN_OBJC_ROOT_CLASS = YES_ERROR;
				CLANG_WARN_QUOTED_INCLUDE_IN_FRAMEWORK_HEADER = YES;
				CLANG_WARN_RANGE_LOOP_ANALYSIS = YES;
				CLANG_WARN_STRICT_PROTOTYPES = YES;
				CLANG_WARN_SUSPICIOUS_MOVE = YES;
				CLANG_WARN_UNGUARDED_AVAILABILITY = YES_AGGRESSIVE;
				CLANG_WARN_UNREACHABLE_CODE = YES;
				CLANG_WARN__DUPLICATE_METHOD_MATCH = YES;
				COPY_PHASE_STRIP = NO;
				DEBUG_INFORMATION_FORMAT = dwarf;
				ENABLE_STRICT_OBJC_MSGSEND = YES;
				ENABLE_TESTABILITY = YES;
				GCC_C_LANGUAGE_STANDARD = gnu11;
				GCC_DYNAMIC_NO_PIC = NO;
				GCC_NO_COMMON_BLOCKS = YES;
				GCC_OPTIMIZATION_LEVEL = 0;
				GCC_PREPROCESSOR_DEFINITIONS = (
					"DEBUG=1",
					"$(inherited)",
				);
				GCC_WARN_64_TO_32_BIT_CONVERSION = YES;
				GCC_WARN_ABOUT_RETURN_TYPE = YES_ERROR;
				GCC_WARN_UNDECLARED_SELECTOR = YES;
				GCC_WARN_UNINITIALIZED_AUTOS = YES_AGGRESSIVE;
				GCC_WARN_UNUSED_FUNCTION = YES;
				GCC_WARN_UNUSED_VARIABLE = YES;
				IPHONEOS_DEPLOYMENT_TARGET = 15.0;
				MTL_ENABLE_DEBUG_INFO = INCLUDE_SOURCE;
				MTL_FAST_MATH = YES;
				ONLY_ACTIVE_ARCH = YES;
				SDKROOT = iphoneos;
				SWIFT_ACTIVE_COMPILATION_CONDITIONS = DEBUG;
				SWIFT_OPTIMIZATION_LEVEL = "-Onone";
			};
			name = Debug;
		};
		D7AF68682733A1E1001C7461 /* Release */ = {
			isa = XCBuildConfiguration;
			buildSettings = {
				ALWAYS_SEARCH_USER_PATHS = NO;
				CLANG_ANALYZER_NONNULL = YES;
				CLANG_ANALYZER_NUMBER_OBJECT_CONVERSION = YES_AGGRESSIVE;
				CLANG_CXX_LANGUAGE_STANDARD = "gnu++17";
				CLANG_CXX_LIBRARY = "libc++";
				CLANG_ENABLE_MODULES = YES;
				CLANG_ENABLE_OBJC_ARC = YES;
				CLANG_ENABLE_OBJC_WEAK = YES;
				CLANG_WARN_BLOCK_CAPTURE_AUTORELEASING = YES;
				CLANG_WARN_BOOL_CONVERSION = YES;
				CLANG_WARN_COMMA = YES;
				CLANG_WARN_CONSTANT_CONVERSION = YES;
				CLANG_WARN_DEPRECATED_OBJC_IMPLEMENTATIONS = YES;
				CLANG_WARN_DIRECT_OBJC_ISA_USAGE = YES_ERROR;
				CLANG_WARN_DOCUMENTATION_COMMENTS = YES;
				CLANG_WARN_EMPTY_BODY = YES;
				CLANG_WARN_ENUM_CONVERSION = YES;
				CLANG_WARN_INFINITE_RECURSION = YES;
				CLANG_WARN_INT_CONVERSION = YES;
				CLANG_WARN_NON_LITERAL_NULL_CONVERSION = YES;
				CLANG_WARN_OBJC_IMPLICIT_RETAIN_SELF = YES;
				CLANG_WARN_OBJC_LITERAL_CONVERSION = YES;
				CLANG_WARN_OBJC_ROOT_CLASS = YES_ERROR;
				CLANG_WARN_QUOTED_INCLUDE_IN_FRAMEWORK_HEADER = YES;
				CLANG_WARN_RANGE_LOOP_ANALYSIS = YES;
				CLANG_WARN_STRICT_PROTOTYPES = YES;
				CLANG_WARN_SUSPICIOUS_MOVE = YES;
				CLANG_WARN_UNGUARDED_AVAILABILITY = YES_AGGRESSIVE;
				CLANG_WARN_UNREACHABLE_CODE = YES;
				CLANG_WARN__DUPLICATE_METHOD_MATCH = YES;
				COPY_PHASE_STRIP = NO;
				DEBUG_INFORMATION_FORMAT = "dwarf-with-dsym";
				ENABLE_NS_ASSERTIONS = NO;
				ENABLE_STRICT_OBJC_MSGSEND = YES;
				GCC_C_LANGUAGE_STANDARD = gnu11;
				GCC_NO_COMMON_BLOCKS = YES;
				GCC_WARN_64_TO_32_BIT_CONVERSION = YES;
				GCC_WARN_ABOUT_RETURN_TYPE = YES_ERROR;
				GCC_WARN_UNDECLARED_SELECTOR = YES;
				GCC_WARN_UNINITIALIZED_AUTOS = YES_AGGRESSIVE;
				GCC_WARN_UNUSED_FUNCTION = YES;
				GCC_WARN_UNUSED_VARIABLE = YES;
				IPHONEOS_DEPLOYMENT_TARGET = 15.0;
				MTL_ENABLE_DEBUG_INFO = NO;
				MTL_FAST_MATH = YES;
				SDKROOT = iphoneos;
				SWIFT_COMPILATION_MODE = wholemodule;
				SWIFT_OPTIMIZATION_LEVEL = "-O";
				VALIDATE_PRODUCT = YES;
			};
			name = Release;
		};
		D7AF686A2733A1E1001C7461 /* Debug */ = {
			isa = XCBuildConfiguration;
			baseConfigurationReference = 6100470B089EA2F9A9B982AC /* Pods-flowe.debug.xcconfig */;
			buildSettings = {
				ASSETCATALOG_COMPILER_APPICON_NAME = AppIcon;
				ASSETCATALOG_COMPILER_GLOBAL_ACCENT_COLOR_NAME = AccentColor;
				CODE_SIGN_ENTITLEMENTS = flowe/flowe.entitlements;
				CODE_SIGN_STYLE = Automatic;
				CURRENT_PROJECT_VERSION = 1;
				DEVELOPMENT_TEAM = SW5458J777;
				GENERATE_INFOPLIST_FILE = YES;
				INFOPLIST_FILE = flowe/Info.plist;
				INFOPLIST_KEY_UIApplicationSupportsIndirectInputEvents = YES;
				INFOPLIST_KEY_UILaunchStoryboardName = LaunchScreen;
				INFOPLIST_KEY_UIMainStoryboardFile = Main;
				INFOPLIST_KEY_UISupportedInterfaceOrientations_iPad = "UIInterfaceOrientationPortrait UIInterfaceOrientationPortraitUpsideDown UIInterfaceOrientationLandscapeLeft UIInterfaceOrientationLandscapeRight";
				INFOPLIST_KEY_UISupportedInterfaceOrientations_iPhone = "UIInterfaceOrientationPortrait UIInterfaceOrientationLandscapeLeft UIInterfaceOrientationLandscapeRight";
				LD_RUNPATH_SEARCH_PATHS = (
					"$(inherited)",
					"@executable_path/Frameworks",
				);
				MARKETING_VERSION = 1.0;
				PRODUCT_BUNDLE_IDENTIFIER = utcs.flowe;
				PRODUCT_NAME = "$(TARGET_NAME)";
				SWIFT_EMIT_LOC_STRINGS = YES;
				SWIFT_VERSION = 5.0;
				TARGETED_DEVICE_FAMILY = "1,2";
			};
			name = Debug;
		};
		D7AF686B2733A1E1001C7461 /* Release */ = {
			isa = XCBuildConfiguration;
			baseConfigurationReference = E4331AD384E2E3913B787025 /* Pods-flowe.release.xcconfig */;
			buildSettings = {
				ASSETCATALOG_COMPILER_APPICON_NAME = AppIcon;
				ASSETCATALOG_COMPILER_GLOBAL_ACCENT_COLOR_NAME = AccentColor;
				CODE_SIGN_ENTITLEMENTS = flowe/flowe.entitlements;
				CODE_SIGN_STYLE = Automatic;
				CURRENT_PROJECT_VERSION = 1;
				DEVELOPMENT_TEAM = SW5458J777;
				GENERATE_INFOPLIST_FILE = YES;
				INFOPLIST_FILE = flowe/Info.plist;
				INFOPLIST_KEY_UIApplicationSupportsIndirectInputEvents = YES;
				INFOPLIST_KEY_UILaunchStoryboardName = LaunchScreen;
				INFOPLIST_KEY_UIMainStoryboardFile = Main;
				INFOPLIST_KEY_UISupportedInterfaceOrientations_iPad = "UIInterfaceOrientationPortrait UIInterfaceOrientationPortraitUpsideDown UIInterfaceOrientationLandscapeLeft UIInterfaceOrientationLandscapeRight";
				INFOPLIST_KEY_UISupportedInterfaceOrientations_iPhone = "UIInterfaceOrientationPortrait UIInterfaceOrientationLandscapeLeft UIInterfaceOrientationLandscapeRight";
				LD_RUNPATH_SEARCH_PATHS = (
					"$(inherited)",
					"@executable_path/Frameworks",
				);
				MARKETING_VERSION = 1.0;
				PRODUCT_BUNDLE_IDENTIFIER = utcs.flowe;
				PRODUCT_NAME = "$(TARGET_NAME)";
				SWIFT_EMIT_LOC_STRINGS = YES;
				SWIFT_VERSION = 5.0;
				TARGETED_DEVICE_FAMILY = "1,2";
			};
			name = Release;
		};
/* End XCBuildConfiguration section */

/* Begin XCConfigurationList section */
		D7AF684D2733A1E1001C7461 /* Build configuration list for PBXProject "flowe" */ = {
			isa = XCConfigurationList;
			buildConfigurations = (
				D7AF68672733A1E1001C7461 /* Debug */,
				D7AF68682733A1E1001C7461 /* Release */,
			);
			defaultConfigurationIsVisible = 0;
			defaultConfigurationName = Release;
		};
		D7AF68692733A1E1001C7461 /* Build configuration list for PBXNativeTarget "flowe" */ = {
			isa = XCConfigurationList;
			buildConfigurations = (
				D7AF686A2733A1E1001C7461 /* Debug */,
				D7AF686B2733A1E1001C7461 /* Release */,
			);
			defaultConfigurationIsVisible = 0;
			defaultConfigurationName = Release;
		};
/* End XCConfigurationList section */

/* Begin XCVersionGroup section */
		D7AF685E2733A1E1001C7461 /* flowe.xcdatamodeld */ = {
			isa = XCVersionGroup;
			children = (
				D7AF685F2733A1E1001C7461 /* flowe.xcdatamodel */,
			);
			currentVersion = D7AF685F2733A1E1001C7461 /* flowe.xcdatamodel */;
			path = flowe.xcdatamodeld;
			sourceTree = "<group>";
			versionGroupType = wrapper.xcdatamodel;
		};
/* End XCVersionGroup section */
	};
	rootObject = D7AF684A2733A1E1001C7461 /* Project object */;
}
