// !$*UTF8*$!
{
	archiveVersion = 1;
	classes = {
	};
	objectVersion = 55;
	objects = {

/* Begin PBXBuildFile section */
		D738BEB3272559A7000EC3FF /* FloweApp.swift in Sources */ = {isa = PBXBuildFile; fileRef = D738BEB2272559A7000EC3FF /* FloweApp.swift */; };
		D738BEB5272559A7000EC3FF /* ContentView.swift in Sources */ = {isa = PBXBuildFile; fileRef = D738BEB4272559A7000EC3FF /* ContentView.swift */; };
		D738BEB7272559A8000EC3FF /* Assets.xcassets in Resources */ = {isa = PBXBuildFile; fileRef = D738BEB6272559A8000EC3FF /* Assets.xcassets */; };
		D738BEBA272559A8000EC3FF /* Preview Assets.xcassets in Resources */ = {isa = PBXBuildFile; fileRef = D738BEB9272559A8000EC3FF /* Preview Assets.xcassets */; };
		D738BEBC272559A8000EC3FF /* Persistence.swift in Sources */ = {isa = PBXBuildFile; fileRef = D738BEBB272559A8000EC3FF /* Persistence.swift */; };
		D738BEBF272559A8000EC3FF /* Flowe.xcdatamodeld in Sources */ = {isa = PBXBuildFile; fileRef = D738BEBD272559A8000EC3FF /* Flowe.xcdatamodeld */; };
		D78E8FEF27255FE6005E2E3E /* Login.swift in Sources */ = {isa = PBXBuildFile; fileRef = D78E8FEE27255FE6005E2E3E /* Login.swift */; };
/* End PBXBuildFile section */

/* Begin PBXFileReference section */
		D738BEAF272559A7000EC3FF /* Flowe.app */ = {isa = PBXFileReference; explicitFileType = wrapper.application; includeInIndex = 0; path = Flowe.app; sourceTree = BUILT_PRODUCTS_DIR; };
		D738BEB2272559A7000EC3FF /* FloweApp.swift */ = {isa = PBXFileReference; lastKnownFileType = sourcecode.swift; path = FloweApp.swift; sourceTree = "<group>"; };
		D738BEB4272559A7000EC3FF /* ContentView.swift */ = {isa = PBXFileReference; lastKnownFileType = sourcecode.swift; path = ContentView.swift; sourceTree = "<group>"; };
		D738BEB6272559A8000EC3FF /* Assets.xcassets */ = {isa = PBXFileReference; lastKnownFileType = folder.assetcatalog; path = Assets.xcassets; sourceTree = "<group>"; };
		D738BEB9272559A8000EC3FF /* Preview Assets.xcassets */ = {isa = PBXFileReference; lastKnownFileType = folder.assetcatalog; path = "Preview Assets.xcassets"; sourceTree = "<group>"; };
		D738BEBB272559A8000EC3FF /* Persistence.swift */ = {isa = PBXFileReference; lastKnownFileType = sourcecode.swift; path = Persistence.swift; sourceTree = "<group>"; };
		D738BEBE272559A8000EC3FF /* Flowe.xcdatamodel */ = {isa = PBXFileReference; lastKnownFileType = wrapper.xcdatamodel; path = Flowe.xcdatamodel; sourceTree = "<group>"; };
		D78E8FEE27255FE6005E2E3E /* Login.swift */ = {isa = PBXFileReference; lastKnownFileType = sourcecode.swift; path = Login.swift; sourceTree = "<group>"; };
/* End PBXFileReference section */

/* Begin PBXFrameworksBuildPhase section */
		D738BEAC272559A7000EC3FF /* Frameworks */ = {
			isa = PBXFrameworksBuildPhase;
			buildActionMask = 2147483647;
			files = (
			);
			runOnlyForDeploymentPostprocessing = 0;
		};
/* End PBXFrameworksBuildPhase section */

/* Begin PBXGroup section */
		D738BEA6272559A7000EC3FF = {
			isa = PBXGroup;
			children = (
				D738BEB1272559A7000EC3FF /* Flowe */,
				D738BEB0272559A7000EC3FF /* Products */,
			);
			sourceTree = "<group>";
		};
		D738BEB0272559A7000EC3FF /* Products */ = {
			isa = PBXGroup;
			children = (
				D738BEAF272559A7000EC3FF /* Flowe.app */,
			);
			name = Products;
			sourceTree = "<group>";
		};
		D738BEB1272559A7000EC3FF /* Flowe */ = {
			isa = PBXGroup;
			children = (
				D738BEB2272559A7000EC3FF /* FloweApp.swift */,
				D78E8FEE27255FE6005E2E3E /* Login.swift */,
				D738BEB4272559A7000EC3FF /* ContentView.swift */,
				D738BEB6272559A8000EC3FF /* Assets.xcassets */,
				D738BEBB272559A8000EC3FF /* Persistence.swift */,
				D738BEBD272559A8000EC3FF /* Flowe.xcdatamodeld */,
				D738BEB8272559A8000EC3FF /* Preview Content */,
			);
			path = Flowe;
			sourceTree = "<group>";
		};
		D738BEB8272559A8000EC3FF /* Preview Content */ = {
			isa = PBXGroup;
			children = (
				D738BEB9272559A8000EC3FF /* Preview Assets.xcassets */,
			);
			path = "Preview Content";
			sourceTree = "<group>";
		};
/* End PBXGroup section */

/* Begin PBXNativeTarget section */
		D738BEAE272559A7000EC3FF /* Flowe */ = {
			isa = PBXNativeTarget;
			buildConfigurationList = D738BEC2272559A8000EC3FF /* Build configuration list for PBXNativeTarget "Flowe" */;
			buildPhases = (
				D738BEAB272559A7000EC3FF /* Sources */,
				D738BEAC272559A7000EC3FF /* Frameworks */,
				D738BEAD272559A7000EC3FF /* Resources */,
			);
			buildRules = (
			);
			dependencies = (
			);
			name = Flowe;
			productName = Flowe;
			productReference = D738BEAF272559A7000EC3FF /* Flowe.app */;
			productType = "com.apple.product-type.application";
		};
/* End PBXNativeTarget section */

/* Begin PBXProject section */
		D738BEA7272559A7000EC3FF /* Project object */ = {
			isa = PBXProject;
			attributes = {
				BuildIndependentTargetsInParallel = 1;
				LastSwiftUpdateCheck = 1300;
				LastUpgradeCheck = 1300;
				TargetAttributes = {
					D738BEAE272559A7000EC3FF = {
						CreatedOnToolsVersion = 13.0;
					};
				};
			};
			buildConfigurationList = D738BEAA272559A7000EC3FF /* Build configuration list for PBXProject "Flowe" */;
			compatibilityVersion = "Xcode 13.0";
			developmentRegion = en;
			hasScannedForEncodings = 0;
			knownRegions = (
				en,
				Base,
			);
			mainGroup = D738BEA6272559A7000EC3FF;
			productRefGroup = D738BEB0272559A7000EC3FF /* Products */;
			projectDirPath = "";
			projectRoot = "";
			targets = (
				D738BEAE272559A7000EC3FF /* Flowe */,
			);
		};
/* End PBXProject section */

/* Begin PBXResourcesBuildPhase section */
		D738BEAD272559A7000EC3FF /* Resources */ = {
			isa = PBXResourcesBuildPhase;
			buildActionMask = 2147483647;
			files = (
				D738BEBA272559A8000EC3FF /* Preview Assets.xcassets in Resources */,
				D738BEB7272559A8000EC3FF /* Assets.xcassets in Resources */,
			);
			runOnlyForDeploymentPostprocessing = 0;
		};
/* End PBXResourcesBuildPhase section */

/* Begin PBXSourcesBuildPhase section */
		D738BEAB272559A7000EC3FF /* Sources */ = {
			isa = PBXSourcesBuildPhase;
			buildActionMask = 2147483647;
			files = (
				D738BEBC272559A8000EC3FF /* Persistence.swift in Sources */,
				D78E8FEF27255FE6005E2E3E /* Login.swift in Sources */,
				D738BEB5272559A7000EC3FF /* ContentView.swift in Sources */,
				D738BEB3272559A7000EC3FF /* FloweApp.swift in Sources */,
				D738BEBF272559A8000EC3FF /* Flowe.xcdatamodeld in Sources */,
			);
			runOnlyForDeploymentPostprocessing = 0;
		};
/* End PBXSourcesBuildPhase section */

/* Begin XCBuildConfiguration section */
		D738BEC0272559A8000EC3FF /* Debug */ = {
			isa = XCBuildConfiguration;
			buildSettings = {
				ALWAYS_SEARCH_USER_PATHS = NO;
				CLANG_ANALYZER_NONNULL = YES;
				CLANG_ANALYZER_NUMBER_OBJECT_CONVERSION = YES_AGGRESSIVE;
				CLANG_CXX_LANGUAGE_STANDARD = "gnu++17";
				CLANG_CXX_LIBRARY = "libc++";
				CLANG_ENABLE_MODULES = YES;
				CLANG_ENABLE_OBJC_ARC = YES;
				CLANG_ENABLE_OBJC_WEAK = YES;
				CLANG_WARN_BLOCK_CAPTURE_AUTORELEASING = YES;
				CLANG_WARN_BOOL_CONVERSION = YES;
				CLANG_WARN_COMMA = YES;
				CLANG_WARN_CONSTANT_CONVERSION = YES;
				CLANG_WARN_DEPRECATED_OBJC_IMPLEMENTATIONS = YES;
				CLANG_WARN_DIRECT_OBJC_ISA_USAGE = YES_ERROR;
				CLANG_WARN_DOCUMENTATION_COMMENTS = YES;
				CLANG_WARN_EMPTY_BODY = YES;
				CLANG_WARN_ENUM_CONVERSION = YES;
				CLANG_WARN_INFINITE_RECURSION = YES;
				CLANG_WARN_INT_CONVERSION = YES;
				CLANG_WARN_NON_LITERAL_NULL_CONVERSION = YES;
				CLANG_WARN_OBJC_IMPLICIT_RETAIN_SELF = YES;
				CLANG_WARN_OBJC_LITERAL_CONVERSION = YES;
				CLANG_WARN_OBJC_ROOT_CLASS = YES_ERROR;
				CLANG_WARN_QUOTED_INCLUDE_IN_FRAMEWORK_HEADER = YES;
				CLANG_WARN_RANGE_LOOP_ANALYSIS = YES;
				CLANG_WARN_STRICT_PROTOTYPES = YES;
				CLANG_WARN_SUSPICIOUS_MOVE = YES;
				CLANG_WARN_UNGUARDED_AVAILABILITY = YES_AGGRESSIVE;
				CLANG_WARN_UNREACHABLE_CODE = YES;
				CLANG_WARN__DUPLICATE_METHOD_MATCH = YES;
				COPY_PHASE_STRIP = NO;
				DEBUG_INFORMATION_FORMAT = dwarf;
				ENABLE_STRICT_OBJC_MSGSEND = YES;
				ENABLE_TESTABILITY = YES;
				GCC_C_LANGUAGE_STANDARD = gnu11;
				GCC_DYNAMIC_NO_PIC = NO;
				GCC_NO_COMMON_BLOCKS = YES;
				GCC_OPTIMIZATION_LEVEL = 0;
				GCC_PREPROCESSOR_DEFINITIONS = (
					"DEBUG=1",
					"$(inherited)",
				);
				GCC_WARN_64_TO_32_BIT_CONVERSION = YES;
				GCC_WARN_ABOUT_RETURN_TYPE = YES_ERROR;
				GCC_WARN_UNDECLARED_SELECTOR = YES;
				GCC_WARN_UNINITIALIZED_AUTOS = YES_AGGRESSIVE;
				GCC_WARN_UNUSED_FUNCTION = YES;
				GCC_WARN_UNUSED_VARIABLE = YES;
				IPHONEOS_DEPLOYMENT_TARGET = 15.0;
				MTL_ENABLE_DEBUG_INFO = INCLUDE_SOURCE;
				MTL_FAST_MATH = YES;
				ONLY_ACTIVE_ARCH = YES;
				SDKROOT = iphoneos;
				SWIFT_ACTIVE_COMPILATION_CONDITIONS = DEBUG;
				SWIFT_OPTIMIZATION_LEVEL = "-Onone";
			};
			name = Debug;
		};
		D738BEC1272559A8000EC3FF /* Release */ = {
			isa = XCBuildConfiguration;
			buildSettings = {
				ALWAYS_SEARCH_USER_PATHS = NO;
				CLANG_ANALYZER_NONNULL = YES;
				CLANG_ANALYZER_NUMBER_OBJECT_CONVERSION = YES_AGGRESSIVE;
				CLANG_CXX_LANGUAGE_STANDARD = "gnu++17";
				CLANG_CXX_LIBRARY = "libc++";
				CLANG_ENABLE_MODULES = YES;
				CLANG_ENABLE_OBJC_ARC = YES;
				CLANG_ENABLE_OBJC_WEAK = YES;
				CLANG_WARN_BLOCK_CAPTURE_AUTORELEASING = YES;
				CLANG_WARN_BOOL_CONVERSION = YES;
				CLANG_WARN_COMMA = YES;
				CLANG_WARN_CONSTANT_CONVERSION = YES;
				CLANG_WARN_DEPRECATED_OBJC_IMPLEMENTATIONS = YES;
				CLANG_WARN_DIRECT_OBJC_ISA_USAGE = YES_ERROR;
				CLANG_WARN_DOCUMENTATION_COMMENTS = YES;
				CLANG_WARN_EMPTY_BODY = YES;
				CLANG_WARN_ENUM_CONVERSION = YES;
				CLANG_WARN_INFINITE_RECURSION = YES;
				CLANG_WARN_INT_CONVERSION = YES;
				CLANG_WARN_NON_LITERAL_NULL_CONVERSION = YES;
				CLANG_WARN_OBJC_IMPLICIT_RETAIN_SELF = YES;
				CLANG_WARN_OBJC_LITERAL_CONVERSION = YES;
				CLANG_WARN_OBJC_ROOT_CLASS = YES_ERROR;
				CLANG_WARN_QUOTED_INCLUDE_IN_FRAMEWORK_HEADER = YES;
				CLANG_WARN_RANGE_LOOP_ANALYSIS = YES;
				CLANG_WARN_STRICT_PROTOTYPES = YES;
				CLANG_WARN_SUSPICIOUS_MOVE = YES;
				CLANG_WARN_UNGUARDED_AVAILABILITY = YES_AGGRESSIVE;
				CLANG_WARN_UNREACHABLE_CODE = YES;
				CLANG_WARN__DUPLICATE_METHOD_MATCH = YES;
				COPY_PHASE_STRIP = NO;
				DEBUG_INFORMATION_FORMAT = "dwarf-with-dsym";
				ENABLE_NS_ASSERTIONS = NO;
				ENABLE_STRICT_OBJC_MSGSEND = YES;
				GCC_C_LANGUAGE_STANDARD = gnu11;
				GCC_NO_COMMON_BLOCKS = YES;
				GCC_WARN_64_TO_32_BIT_CONVERSION = YES;
				GCC_WARN_ABOUT_RETURN_TYPE = YES_ERROR;
				GCC_WARN_UNDECLARED_SELECTOR = YES;
				GCC_WARN_UNINITIALIZED_AUTOS = YES_AGGRESSIVE;
				GCC_WARN_UNUSED_FUNCTION = YES;
				GCC_WARN_UNUSED_VARIABLE = YES;
				IPHONEOS_DEPLOYMENT_TARGET = 15.0;
				MTL_ENABLE_DEBUG_INFO = NO;
				MTL_FAST_MATH = YES;
				SDKROOT = iphoneos;
				SWIFT_COMPILATION_MODE = wholemodule;
				SWIFT_OPTIMIZATION_LEVEL = "-O";
				VALIDATE_PRODUCT = YES;
			};
			name = Release;
		};
		D738BEC3272559A8000EC3FF /* Debug */ = {
			isa = XCBuildConfiguration;
			buildSettings = {
				ASSETCATALOG_COMPILER_APPICON_NAME = AppIcon;
				ASSETCATALOG_COMPILER_GLOBAL_ACCENT_COLOR_NAME = AccentColor;
				CODE_SIGN_STYLE = Automatic;
				CURRENT_PROJECT_VERSION = 1;
				DEVELOPMENT_ASSET_PATHS = "\"Flowe/Preview Content\"";
				DEVELOPMENT_TEAM = SW5458J777;
				ENABLE_PREVIEWS = YES;
				GENERATE_INFOPLIST_FILE = YES;
				INFOPLIST_KEY_UIApplicationSceneManifest_Generation = YES;
				INFOPLIST_KEY_UIApplicationSupportsIndirectInputEvents = YES;
				INFOPLIST_KEY_UILaunchScreen_Generation = YES;
				INFOPLIST_KEY_UISupportedInterfaceOrientations_iPad = "UIInterfaceOrientationPortrait UIInterfaceOrientationPortraitUpsideDown UIInterfaceOrientationLandscapeLeft UIInterfaceOrientationLandscapeRight";
				INFOPLIST_KEY_UISupportedInterfaceOrientations_iPhone = "UIInterfaceOrientationPortrait UIInterfaceOrientationLandscapeLeft UIInterfaceOrientationLandscapeRight";
				IPHONEOS_DEPLOYMENT_TARGET = 14.0;
				LD_RUNPATH_SEARCH_PATHS = (
					"$(inherited)",
					"@executable_path/Frameworks",
				);
				MARKETING_VERSION = 1.0;
				PRODUCT_BUNDLE_IDENTIFIER = utcs.Flowe;
				PRODUCT_NAME = "$(TARGET_NAME)";
				SWIFT_EMIT_LOC_STRINGS = YES;
				SWIFT_VERSION = 5.0;
				TARGETED_DEVICE_FAMILY = "1,2";
			};
			name = Debug;
		};
		D738BEC4272559A8000EC3FF /* Release */ = {
			isa = XCBuildConfiguration;
			buildSettings = {
				ASSETCATALOG_COMPILER_APPICON_NAME = AppIcon;
				ASSETCATALOG_COMPILER_GLOBAL_ACCENT_COLOR_NAME = AccentColor;
				CODE_SIGN_STYLE = Automatic;
				CURRENT_PROJECT_VERSION = 1;
				DEVELOPMENT_ASSET_PATHS = "\"Flowe/Preview Content\"";
				DEVELOPMENT_TEAM = SW5458J777;
				ENABLE_PREVIEWS = YES;
				GENERATE_INFOPLIST_FILE = YES;
				INFOPLIST_KEY_UIApplicationSceneManifest_Generation = YES;
				INFOPLIST_KEY_UIApplicationSupportsIndirectInputEvents = YES;
				INFOPLIST_KEY_UILaunchScreen_Generation = YES;
				INFOPLIST_KEY_UISupportedInterfaceOrientations_iPad = "UIInterfaceOrientationPortrait UIInterfaceOrientationPortraitUpsideDown UIInterfaceOrientationLandscapeLeft UIInterfaceOrientationLandscapeRight";
				INFOPLIST_KEY_UISupportedInterfaceOrientations_iPhone = "UIInterfaceOrientationPortrait UIInterfaceOrientationLandscapeLeft UIInterfaceOrientationLandscapeRight";
				IPHONEOS_DEPLOYMENT_TARGET = 14.0;
				LD_RUNPATH_SEARCH_PATHS = (
					"$(inherited)",
					"@executable_path/Frameworks",
				);
				MARKETING_VERSION = 1.0;
				PRODUCT_BUNDLE_IDENTIFIER = utcs.Flowe;
				PRODUCT_NAME = "$(TARGET_NAME)";
				SWIFT_EMIT_LOC_STRINGS = YES;
				SWIFT_VERSION = 5.0;
				TARGETED_DEVICE_FAMILY = "1,2";
			};
			name = Release;
		};
/* End XCBuildConfiguration section */

/* Begin XCConfigurationList section */
		D738BEAA272559A7000EC3FF /* Build configuration list for PBXProject "Flowe" */ = {
			isa = XCConfigurationList;
			buildConfigurations = (
				D738BEC0272559A8000EC3FF /* Debug */,
				D738BEC1272559A8000EC3FF /* Release */,
			);
			defaultConfigurationIsVisible = 0;
			defaultConfigurationName = Release;
		};
		D738BEC2272559A8000EC3FF /* Build configuration list for PBXNativeTarget "Flowe" */ = {
			isa = XCConfigurationList;
			buildConfigurations = (
				D738BEC3272559A8000EC3FF /* Debug */,
				D738BEC4272559A8000EC3FF /* Release */,
			);
			defaultConfigurationIsVisible = 0;
			defaultConfigurationName = Release;
		};
/* End XCConfigurationList section */

/* Begin XCVersionGroup section */
		D738BEBD272559A8000EC3FF /* Flowe.xcdatamodeld */ = {
			isa = XCVersionGroup;
			children = (
				D738BEBE272559A8000EC3FF /* Flowe.xcdatamodel */,
			);
			currentVersion = D738BEBE272559A8000EC3FF /* Flowe.xcdatamodel */;
			path = Flowe.xcdatamodeld;
			sourceTree = "<group>";
			versionGroupType = wrapper.xcdatamodel;
		};
/* End XCVersionGroup section */
	};
	rootObject = D738BEA7272559A7000EC3FF /* Project object */;
}
