// !$*UTF8*$!
{
	archiveVersion = 1;
	classes = {
	};
	objectVersion = 55;
	objects = {

/* Begin PBXBuildFile section */
		EC6AA229273A3FE4002F24B0 /* AppDelegate.swift in Sources */ = {isa = PBXBuildFile; fileRef = EC6AA228273A3FE4002F24B0 /* AppDelegate.swift */; };
		EC6AA22B273A3FE4002F24B0 /* SceneDelegate.swift in Sources */ = {isa = PBXBuildFile; fileRef = EC6AA22A273A3FE4002F24B0 /* SceneDelegate.swift */; };
		EC6AA230273A3FE4002F24B0 /* Main.storyboard in Resources */ = {isa = PBXBuildFile; fileRef = EC6AA22E273A3FE4002F24B0 /* Main.storyboard */; };
		EC6AA233273A3FE4002F24B0 /* FloweProfiles.xcdatamodeld in Sources */ = {isa = PBXBuildFile; fileRef = EC6AA231273A3FE4002F24B0 /* FloweProfiles.xcdatamodeld */; };
		EC6AA235273A3FE6002F24B0 /* Assets.xcassets in Resources */ = {isa = PBXBuildFile; fileRef = EC6AA234273A3FE6002F24B0 /* Assets.xcassets */; };
		EC6AA238273A3FE6002F24B0 /* LaunchScreen.storyboard in Resources */ = {isa = PBXBuildFile; fileRef = EC6AA236273A3FE6002F24B0 /* LaunchScreen.storyboard */; };
		EC6AA240273A632A002F24B0 /* ProfileViewController.swift in Sources */ = {isa = PBXBuildFile; fileRef = EC6AA23F273A632A002F24B0 /* ProfileViewController.swift */; };
		EC6AA242273B54FA002F24B0 /* ProfileEditViewController.swift in Sources */ = {isa = PBXBuildFile; fileRef = EC6AA241273B54FA002F24B0 /* ProfileEditViewController.swift */; };
/* End PBXBuildFile section */

/* Begin PBXFileReference section */
		EC6AA225273A3FE4002F24B0 /* FloweProfiles.app */ = {isa = PBXFileReference; explicitFileType = wrapper.application; includeInIndex = 0; path = FloweProfiles.app; sourceTree = BUILT_PRODUCTS_DIR; };
		EC6AA228273A3FE4002F24B0 /* AppDelegate.swift */ = {isa = PBXFileReference; lastKnownFileType = sourcecode.swift; path = AppDelegate.swift; sourceTree = "<group>"; };
		EC6AA22A273A3FE4002F24B0 /* SceneDelegate.swift */ = {isa = PBXFileReference; lastKnownFileType = sourcecode.swift; path = SceneDelegate.swift; sourceTree = "<group>"; };
		EC6AA22F273A3FE4002F24B0 /* Base */ = {isa = PBXFileReference; lastKnownFileType = file.storyboard; name = Base; path = Base.lproj/Main.storyboard; sourceTree = "<group>"; };
		EC6AA232273A3FE4002F24B0 /* FloweProfiles.xcdatamodel */ = {isa = PBXFileReference; lastKnownFileType = wrapper.xcdatamodel; path = FloweProfiles.xcdatamodel; sourceTree = "<group>"; };
		EC6AA234273A3FE6002F24B0 /* Assets.xcassets */ = {isa = PBXFileReference; lastKnownFileType = folder.assetcatalog; path = Assets.xcassets; sourceTree = "<group>"; };
		EC6AA237273A3FE6002F24B0 /* Base */ = {isa = PBXFileReference; lastKnownFileType = file.storyboard; name = Base; path = Base.lproj/LaunchScreen.storyboard; sourceTree = "<group>"; };
		EC6AA239273A3FE6002F24B0 /* Info.plist */ = {isa = PBXFileReference; lastKnownFileType = text.plist.xml; path = Info.plist; sourceTree = "<group>"; };
		EC6AA23F273A632A002F24B0 /* ProfileViewController.swift */ = {isa = PBXFileReference; lastKnownFileType = sourcecode.swift; path = ProfileViewController.swift; sourceTree = "<group>"; };
		EC6AA241273B54FA002F24B0 /* ProfileEditViewController.swift */ = {isa = PBXFileReference; lastKnownFileType = sourcecode.swift; path = ProfileEditViewController.swift; sourceTree = "<group>"; };
/* End PBXFileReference section */

/* Begin PBXFrameworksBuildPhase section */
		EC6AA222273A3FE4002F24B0 /* Frameworks */ = {
			isa = PBXFrameworksBuildPhase;
			buildActionMask = 2147483647;
			files = (
			);
			runOnlyForDeploymentPostprocessing = 0;
		};
/* End PBXFrameworksBuildPhase section */

/* Begin PBXGroup section */
		EC6AA21C273A3FE4002F24B0 = {
			isa = PBXGroup;
			children = (
				EC6AA227273A3FE4002F24B0 /* FloweProfiles */,
				EC6AA226273A3FE4002F24B0 /* Products */,
			);
			sourceTree = "<group>";
		};
		EC6AA226273A3FE4002F24B0 /* Products */ = {
			isa = PBXGroup;
			children = (
				EC6AA225273A3FE4002F24B0 /* FloweProfiles.app */,
			);
			name = Products;
			sourceTree = "<group>";
		};
		EC6AA227273A3FE4002F24B0 /* FloweProfiles */ = {
			isa = PBXGroup;
			children = (
				EC6AA228273A3FE4002F24B0 /* AppDelegate.swift */,
				EC6AA22A273A3FE4002F24B0 /* SceneDelegate.swift */,
				EC6AA22E273A3FE4002F24B0 /* Main.storyboard */,
				EC6AA23F273A632A002F24B0 /* ProfileViewController.swift */,
				EC6AA241273B54FA002F24B0 /* ProfileEditViewController.swift */,
				EC6AA234273A3FE6002F24B0 /* Assets.xcassets */,
				EC6AA236273A3FE6002F24B0 /* LaunchScreen.storyboard */,
				EC6AA239273A3FE6002F24B0 /* Info.plist */,
				EC6AA231273A3FE4002F24B0 /* FloweProfiles.xcdatamodeld */,
			);
			path = FloweProfiles;
			sourceTree = "<group>";
		};
/* End PBXGroup section */

/* Begin PBXNativeTarget section */
		EC6AA224273A3FE4002F24B0 /* FloweProfiles */ = {
			isa = PBXNativeTarget;
			buildConfigurationList = EC6AA23C273A3FE6002F24B0 /* Build configuration list for PBXNativeTarget "FloweProfiles" */;
			buildPhases = (
				EC6AA221273A3FE4002F24B0 /* Sources */,
				EC6AA222273A3FE4002F24B0 /* Frameworks */,
				EC6AA223273A3FE4002F24B0 /* Resources */,
			);
			buildRules = (
			);
			dependencies = (
			);
			name = FloweProfiles;
			productName = FloweProfiles;
			productReference = EC6AA225273A3FE4002F24B0 /* FloweProfiles.app */;
			productType = "com.apple.product-type.application";
		};
/* End PBXNativeTarget section */

/* Begin PBXProject section */
		EC6AA21D273A3FE4002F24B0 /* Project object */ = {
			isa = PBXProject;
			attributes = {
				BuildIndependentTargetsInParallel = 1;
				LastSwiftUpdateCheck = 1300;
				LastUpgradeCheck = 1300;
				TargetAttributes = {
					EC6AA224273A3FE4002F24B0 = {
						CreatedOnToolsVersion = 13.0;
					};
				};
			};
			buildConfigurationList = EC6AA220273A3FE4002F24B0 /* Build configuration list for PBXProject "FloweProfiles" */;
			compatibilityVersion = "Xcode 13.0";
			developmentRegion = en;
			hasScannedForEncodings = 0;
			knownRegions = (
				en,
				Base,
			);
			mainGroup = EC6AA21C273A3FE4002F24B0;
			productRefGroup = EC6AA226273A3FE4002F24B0 /* Products */;
			projectDirPath = "";
			projectRoot = "";
			targets = (
				EC6AA224273A3FE4002F24B0 /* FloweProfiles */,
			);
		};
/* End PBXProject section */

/* Begin PBXResourcesBuildPhase section */
		EC6AA223273A3FE4002F24B0 /* Resources */ = {
			isa = PBXResourcesBuildPhase;
			buildActionMask = 2147483647;
			files = (
				EC6AA238273A3FE6002F24B0 /* LaunchScreen.storyboard in Resources */,
				EC6AA235273A3FE6002F24B0 /* Assets.xcassets in Resources */,
				EC6AA230273A3FE4002F24B0 /* Main.storyboard in Resources */,
			);
			runOnlyForDeploymentPostprocessing = 0;
		};
/* End PBXResourcesBuildPhase section */

/* Begin PBXSourcesBuildPhase section */
		EC6AA221273A3FE4002F24B0 /* Sources */ = {
			isa = PBXSourcesBuildPhase;
			buildActionMask = 2147483647;
			files = (
				EC6AA229273A3FE4002F24B0 /* AppDelegate.swift in Sources */,
				EC6AA242273B54FA002F24B0 /* ProfileEditViewController.swift in Sources */,
				EC6AA22B273A3FE4002F24B0 /* SceneDelegate.swift in Sources */,
				EC6AA240273A632A002F24B0 /* ProfileViewController.swift in Sources */,
				EC6AA233273A3FE4002F24B0 /* FloweProfiles.xcdatamodeld in Sources */,
			);
			runOnlyForDeploymentPostprocessing = 0;
		};
/* End PBXSourcesBuildPhase section */

/* Begin PBXVariantGroup section */
		EC6AA22E273A3FE4002F24B0 /* Main.storyboard */ = {
			isa = PBXVariantGroup;
			children = (
				EC6AA22F273A3FE4002F24B0 /* Base */,
			);
			name = Main.storyboard;
			sourceTree = "<group>";
		};
		EC6AA236273A3FE6002F24B0 /* LaunchScreen.storyboard */ = {
			isa = PBXVariantGroup;
			children = (
				EC6AA237273A3FE6002F24B0 /* Base */,
			);
			name = LaunchScreen.storyboard;
			sourceTree = "<group>";
		};
/* End PBXVariantGroup section */

/* Begin XCBuildConfiguration section */
		EC6AA23A273A3FE6002F24B0 /* Debug */ = {
			isa = XCBuildConfiguration;
			buildSettings = {
				ALWAYS_SEARCH_USER_PATHS = NO;
				CLANG_ANALYZER_NONNULL = YES;
				CLANG_ANALYZER_NUMBER_OBJECT_CONVERSION = YES_AGGRESSIVE;
				CLANG_CXX_LANGUAGE_STANDARD = "gnu++17";
				CLANG_CXX_LIBRARY = "libc++";
				CLANG_ENABLE_MODULES = YES;
				CLANG_ENABLE_OBJC_ARC = YES;
				CLANG_ENABLE_OBJC_WEAK = YES;
				CLANG_WARN_BLOCK_CAPTURE_AUTORELEASING = YES;
				CLANG_WARN_BOOL_CONVERSION = YES;
				CLANG_WARN_COMMA = YES;
				CLANG_WARN_CONSTANT_CONVERSION = YES;
				CLANG_WARN_DEPRECATED_OBJC_IMPLEMENTATIONS = YES;
				CLANG_WARN_DIRECT_OBJC_ISA_USAGE = YES_ERROR;
				CLANG_WARN_DOCUMENTATION_COMMENTS = YES;
				CLANG_WARN_EMPTY_BODY = YES;
				CLANG_WARN_ENUM_CONVERSION = YES;
				CLANG_WARN_INFINITE_RECURSION = YES;
				CLANG_WARN_INT_CONVERSION = YES;
				CLANG_WARN_NON_LITERAL_NULL_CONVERSION = YES;
				CLANG_WARN_OBJC_IMPLICIT_RETAIN_SELF = YES;
				CLANG_WARN_OBJC_LITERAL_CONVERSION = YES;
				CLANG_WARN_OBJC_ROOT_CLASS = YES_ERROR;
				CLANG_WARN_QUOTED_INCLUDE_IN_FRAMEWORK_HEADER = YES;
				CLANG_WARN_RANGE_LOOP_ANALYSIS = YES;
				CLANG_WARN_STRICT_PROTOTYPES = YES;
				CLANG_WARN_SUSPICIOUS_MOVE = YES;
				CLANG_WARN_UNGUARDED_AVAILABILITY = YES_AGGRESSIVE;
				CLANG_WARN_UNREACHABLE_CODE = YES;
				CLANG_WARN__DUPLICATE_METHOD_MATCH = YES;
				COPY_PHASE_STRIP = NO;
				DEBUG_INFORMATION_FORMAT = dwarf;
				ENABLE_STRICT_OBJC_MSGSEND = YES;
				ENABLE_TESTABILITY = YES;
				GCC_C_LANGUAGE_STANDARD = gnu11;
				GCC_DYNAMIC_NO_PIC = NO;
				GCC_NO_COMMON_BLOCKS = YES;
				GCC_OPTIMIZATION_LEVEL = 0;
				GCC_PREPROCESSOR_DEFINITIONS = (
					"DEBUG=1",
					"$(inherited)",
				);
				GCC_WARN_64_TO_32_BIT_CONVERSION = YES;
				GCC_WARN_ABOUT_RETURN_TYPE = YES_ERROR;
				GCC_WARN_UNDECLARED_SELECTOR = YES;
				GCC_WARN_UNINITIALIZED_AUTOS = YES_AGGRESSIVE;
				GCC_WARN_UNUSED_FUNCTION = YES;
				GCC_WARN_UNUSED_VARIABLE = YES;
				IPHONEOS_DEPLOYMENT_TARGET = 15.0;
				MTL_ENABLE_DEBUG_INFO = INCLUDE_SOURCE;
				MTL_FAST_MATH = YES;
				ONLY_ACTIVE_ARCH = YES;
				SDKROOT = iphoneos;
				SWIFT_ACTIVE_COMPILATION_CONDITIONS = DEBUG;
				SWIFT_OPTIMIZATION_LEVEL = "-Onone";
			};
			name = Debug;
		};
		EC6AA23B273A3FE6002F24B0 /* Release */ = {
			isa = XCBuildConfiguration;
			buildSettings = {
				ALWAYS_SEARCH_USER_PATHS = NO;
				CLANG_ANALYZER_NONNULL = YES;
				CLANG_ANALYZER_NUMBER_OBJECT_CONVERSION = YES_AGGRESSIVE;
				CLANG_CXX_LANGUAGE_STANDARD = "gnu++17";
				CLANG_CXX_LIBRARY = "libc++";
				CLANG_ENABLE_MODULES = YES;
				CLANG_ENABLE_OBJC_ARC = YES;
				CLANG_ENABLE_OBJC_WEAK = YES;
				CLANG_WARN_BLOCK_CAPTURE_AUTORELEASING = YES;
				CLANG_WARN_BOOL_CONVERSION = YES;
				CLANG_WARN_COMMA = YES;
				CLANG_WARN_CONSTANT_CONVERSION = YES;
				CLANG_WARN_DEPRECATED_OBJC_IMPLEMENTATIONS = YES;
				CLANG_WARN_DIRECT_OBJC_ISA_USAGE = YES_ERROR;
				CLANG_WARN_DOCUMENTATION_COMMENTS = YES;
				CLANG_WARN_EMPTY_BODY = YES;
				CLANG_WARN_ENUM_CONVERSION = YES;
				CLANG_WARN_INFINITE_RECURSION = YES;
				CLANG_WARN_INT_CONVERSION = YES;
				CLANG_WARN_NON_LITERAL_NULL_CONVERSION = YES;
				CLANG_WARN_OBJC_IMPLICIT_RETAIN_SELF = YES;
				CLANG_WARN_OBJC_LITERAL_CONVERSION = YES;
				CLANG_WARN_OBJC_ROOT_CLASS = YES_ERROR;
				CLANG_WARN_QUOTED_INCLUDE_IN_FRAMEWORK_HEADER = YES;
				CLANG_WARN_RANGE_LOOP_ANALYSIS = YES;
				CLANG_WARN_STRICT_PROTOTYPES = YES;
				CLANG_WARN_SUSPICIOUS_MOVE = YES;
				CLANG_WARN_UNGUARDED_AVAILABILITY = YES_AGGRESSIVE;
				CLANG_WARN_UNREACHABLE_CODE = YES;
				CLANG_WARN__DUPLICATE_METHOD_MATCH = YES;
				COPY_PHASE_STRIP = NO;
				DEBUG_INFORMATION_FORMAT = "dwarf-with-dsym";
				ENABLE_NS_ASSERTIONS = NO;
				ENABLE_STRICT_OBJC_MSGSEND = YES;
				GCC_C_LANGUAGE_STANDARD = gnu11;
				GCC_NO_COMMON_BLOCKS = YES;
				GCC_WARN_64_TO_32_BIT_CONVERSION = YES;
				GCC_WARN_ABOUT_RETURN_TYPE = YES_ERROR;
				GCC_WARN_UNDECLARED_SELECTOR = YES;
				GCC_WARN_UNINITIALIZED_AUTOS = YES_AGGRESSIVE;
				GCC_WARN_UNUSED_FUNCTION = YES;
				GCC_WARN_UNUSED_VARIABLE = YES;
				IPHONEOS_DEPLOYMENT_TARGET = 15.0;
				MTL_ENABLE_DEBUG_INFO = NO;
				MTL_FAST_MATH = YES;
				SDKROOT = iphoneos;
				SWIFT_COMPILATION_MODE = wholemodule;
				SWIFT_OPTIMIZATION_LEVEL = "-O";
				VALIDATE_PRODUCT = YES;
			};
			name = Release;
		};
		EC6AA23D273A3FE6002F24B0 /* Debug */ = {
			isa = XCBuildConfiguration;
			buildSettings = {
				ASSETCATALOG_COMPILER_APPICON_NAME = AppIcon;
				ASSETCATALOG_COMPILER_GLOBAL_ACCENT_COLOR_NAME = AccentColor;
				CODE_SIGN_STYLE = Automatic;
				CURRENT_PROJECT_VERSION = 1;
				DEVELOPMENT_TEAM = B8CVT3D5GG;
				GENERATE_INFOPLIST_FILE = YES;
				INFOPLIST_FILE = FloweProfiles/Info.plist;
				INFOPLIST_KEY_UIApplicationSupportsIndirectInputEvents = YES;
				INFOPLIST_KEY_UILaunchStoryboardName = LaunchScreen;
				INFOPLIST_KEY_UIMainStoryboardFile = Main;
				INFOPLIST_KEY_UISupportedInterfaceOrientations_iPad = "UIInterfaceOrientationPortrait UIInterfaceOrientationPortraitUpsideDown UIInterfaceOrientationLandscapeLeft UIInterfaceOrientationLandscapeRight";
				INFOPLIST_KEY_UISupportedInterfaceOrientations_iPhone = "UIInterfaceOrientationPortrait UIInterfaceOrientationLandscapeLeft UIInterfaceOrientationLandscapeRight";
				LD_RUNPATH_SEARCH_PATHS = (
					"$(inherited)",
					"@executable_path/Frameworks",
				);
				MARKETING_VERSION = 1.0;
				PRODUCT_BUNDLE_IDENTIFIER = hsm.FloweProfiles;
				PRODUCT_NAME = "$(TARGET_NAME)";
				SWIFT_EMIT_LOC_STRINGS = YES;
				SWIFT_VERSION = 5.0;
				TARGETED_DEVICE_FAMILY = "1,2";
			};
			name = Debug;
		};
		EC6AA23E273A3FE6002F24B0 /* Release */ = {
			isa = XCBuildConfiguration;
			buildSettings = {
				ASSETCATALOG_COMPILER_APPICON_NAME = AppIcon;
				ASSETCATALOG_COMPILER_GLOBAL_ACCENT_COLOR_NAME = AccentColor;
				CODE_SIGN_STYLE = Automatic;
				CURRENT_PROJECT_VERSION = 1;
				DEVELOPMENT_TEAM = B8CVT3D5GG;
				GENERATE_INFOPLIST_FILE = YES;
				INFOPLIST_FILE = FloweProfiles/Info.plist;
				INFOPLIST_KEY_UIApplicationSupportsIndirectInputEvents = YES;
				INFOPLIST_KEY_UILaunchStoryboardName = LaunchScreen;
				INFOPLIST_KEY_UIMainStoryboardFile = Main;
				INFOPLIST_KEY_UISupportedInterfaceOrientations_iPad = "UIInterfaceOrientationPortrait UIInterfaceOrientationPortraitUpsideDown UIInterfaceOrientationLandscapeLeft UIInterfaceOrientationLandscapeRight";
				INFOPLIST_KEY_UISupportedInterfaceOrientations_iPhone = "UIInterfaceOrientationPortrait UIInterfaceOrientationLandscapeLeft UIInterfaceOrientationLandscapeRight";
				LD_RUNPATH_SEARCH_PATHS = (
					"$(inherited)",
					"@executable_path/Frameworks",
				);
				MARKETING_VERSION = 1.0;
				PRODUCT_BUNDLE_IDENTIFIER = hsm.FloweProfiles;
				PRODUCT_NAME = "$(TARGET_NAME)";
				SWIFT_EMIT_LOC_STRINGS = YES;
				SWIFT_VERSION = 5.0;
				TARGETED_DEVICE_FAMILY = "1,2";
			};
			name = Release;
		};
/* End XCBuildConfiguration section */

/* Begin XCConfigurationList section */
		EC6AA220273A3FE4002F24B0 /* Build configuration list for PBXProject "FloweProfiles" */ = {
			isa = XCConfigurationList;
			buildConfigurations = (
				EC6AA23A273A3FE6002F24B0 /* Debug */,
				EC6AA23B273A3FE6002F24B0 /* Release */,
			);
			defaultConfigurationIsVisible = 0;
			defaultConfigurationName = Release;
		};
		EC6AA23C273A3FE6002F24B0 /* Build configuration list for PBXNativeTarget "FloweProfiles" */ = {
			isa = XCConfigurationList;
			buildConfigurations = (
				EC6AA23D273A3FE6002F24B0 /* Debug */,
				EC6AA23E273A3FE6002F24B0 /* Release */,
			);
			defaultConfigurationIsVisible = 0;
			defaultConfigurationName = Release;
		};
/* End XCConfigurationList section */

/* Begin XCVersionGroup section */
		EC6AA231273A3FE4002F24B0 /* FloweProfiles.xcdatamodeld */ = {
			isa = XCVersionGroup;
			children = (
				EC6AA232273A3FE4002F24B0 /* FloweProfiles.xcdatamodel */,
			);
			currentVersion = EC6AA232273A3FE4002F24B0 /* FloweProfiles.xcdatamodel */;
			path = FloweProfiles.xcdatamodeld;
			sourceTree = "<group>";
			versionGroupType = wrapper.xcdatamodel;
		};
/* End XCVersionGroup section */
	};
	rootObject = EC6AA21D273A3FE4002F24B0 /* Project object */;
}
